Microsoft Visual Studio Solution File, Format Version 12.00
# Visual Studio Version 17
VisualStudioVersion = 17.8.0
MinimumVisualStudioVersion = 10.0.40219.1
Project("{FAE04EC0-301F-11D3-BF4B-00C04F79EFBC}") = "Svrn7.Core", "src\Svrn7.Core\Svrn7.Core.csproj", "{A1B2C3D4-0001-0000-0000-000000000001}"
EndProject
Project("{FAE04EC0-301F-11D3-BF4B-00C04F79EFBC}") = "Svrn7.Crypto", "src\Svrn7.Crypto\Svrn7.Crypto.csproj", "{A1B2C3D4-0002-0000-0000-000000000002}"
EndProject
Project("{FAE04EC0-301F-11D3-BF4B-00C04F79EFBC}") = "Svrn7.Store", "src\Svrn7.Store\Svrn7.Store.csproj", "{A1B2C3D4-0003-0000-0000-000000000003}"
EndProject
Project("{FAE04EC0-301F-11D3-BF4B-00C04F79EFBC}") = "Svrn7.Ledger", "src\Svrn7.Ledger\Svrn7.Ledger.csproj", "{A1B2C3D4-0004-0000-0000-000000000004}"
EndProject
Project("{FAE04EC0-301F-11D3-BF4B-00C04F79EFBC}") = "Svrn7.Identity", "src\Svrn7.Identity\Svrn7.Identity.csproj", "{A1B2C3D4-0005-0000-0000-000000000005}"
EndProject
Project("{FAE04EC0-301F-11D3-BF4B-00C04F79EFBC}") = "Svrn7.Federation", "src\Svrn7.Federation\Svrn7.Federation.csproj", "{A1B2C3D4-0006-0000-0000-000000000006}"
EndProject
Project("{FAE04EC0-301F-11D3-BF4B-00C04F79EFBC}") = "Svrn7.DIDComm", "src\Svrn7.DIDComm\Svrn7.DIDComm.csproj", "{A1B2C3D4-0007-0000-0000-000000000007}"
EndProject
Project("{FAE04EC0-301F-11D3-BF4B-00C04F79EFBC}") = "Svrn7.Society", "src\Svrn7.Society\Svrn7.Society.csproj", "{A1B2C3D4-0008-0000-0000-000000000008}"
EndProject
Project("{FAE04EC0-301F-11D3-BF4B-00C04F79EFBC}") = "Svrn7.TDA", "src\Svrn7.TDA\Svrn7.TDA.csproj", "{A1B2C3D4-0011-0000-0000-000000000011}"
EndProject
Project("{FAE04EC0-301F-11D3-BF4B-00C04F79EFBC}") = "Svrn7.Tests", "tests\Svrn7.Tests\Svrn7.Tests.csproj", "{A1B2C3D4-0009-0000-0000-000000000009}"
EndProject
Project("{FAE04EC0-301F-11D3-BF4B-00C04F79EFBC}") = "Svrn7.Society.Tests", "tests\Svrn7.Society.Tests\Svrn7.Society.Tests.csproj", "{A1B2C3D4-0010-0000-0000-000000000010}"
EndProject
Project("{FAE04EC0-301F-11D3-BF4B-00C04F79EFBC}") = "Svrn7.TDA.Tests", "tests\Svrn7.TDA.Tests\Svrn7.TDA.Tests.csproj", "{A1B2C3D4-0012-0000-0000-000000000012}"
EndProject
Project("{2150E333-8FDC-42A3-9474-1A3956D46DE8}") = "src", "src", "{B0000001-0000-0000-0000-000000000001}"
EndProject
Project("{2150E333-8FDC-42A3-9474-1A3956D46DE8}") = "tests", "tests", "{B0000002-0000-0000-0000-000000000002}"
EndProject
Project("{2150E333-8FDC-42A3-9474-1A3956D46DE8}") = "Solution Items", "Solution Items", "{8EC462FD-D22E-90A8-E5CE-7E832BA40C5D}"
EndProject
Project("{2150E333-8FDC-42A3-9474-1A3956D46DE8}") = "docs", "docs", "{02EA681E-C7D8-13C7-8484-4AC65E1B71E8}"
	ProjectSection(SolutionItems) = preProject
		docs\DIDComm-ARM_3-0-76-TDA.png = docs\DIDComm-ARM_3-0-76-TDA.png
		docs\disambiguation.md = docs\disambiguation.md
		docs\llms.txt = docs\llms.txt
		docs\SVRN7_Architecture_Whitepaper.docx = docs\SVRN7_Architecture_Whitepaper.docx
		docs\SVRN7_Comprehensive_Prompt.md = docs\SVRN7_Comprehensive_Prompt.md
		docs\SVRN7_Principles_of_Operations.docx = docs\SVRN7_Principles_of_Operations.docx
		docs\Web7_DSA019_TDA_Design.docx = docs\Web7_DSA019_TDA_Design.docx
		docs\Web7_DSA_TDA_Design.docx = docs\Web7_DSA_TDA_Design.docx
		docs\Web7_TDA_Design_v019_Consolidated.docx = docs\Web7_TDA_Design_v019_Consolidated.docx
		docs\Web7_TDA_Design_v024_Consolidated.docx = docs\Web7_TDA_Design_v024_Consolidated.docx
		docs\Web_7_0_DSA-TDA_0_24.png = docs\Web_7_0_DSA-TDA_0_24.png
	EndProjectSection
EndProject
Project("{2150E333-8FDC-42A3-9474-1A3956D46DE8}") = "images", "images", "{E1E91C0D-14E9-4144-942D-3F37BA5FFF56}"
	ProjectSection(SolutionItems) = preProject
		images\DIDComm-ARM 3-0-76-TDA.pptx = images\DIDComm-ARM 3-0-76-TDA.pptx
		images\PPML Legend 0.25.png = images\PPML Legend 0.25.png
		images\technology-magic.jpeg = images\technology-magic.jpeg
		images\Web 7.0 DSA-TDA 0.25.png = images\Web 7.0 DSA-TDA 0.25.png
	EndProjectSection
EndProject
Project("{2150E333-8FDC-42A3-9474-1A3956D46DE8}") = "specs", "specs", "{E5ED38FC-052B-4192-94C1-62D717A7888A}"
	ProjectSection(SolutionItems) = preProject
		specs\draft-herman-cesr-svrn7-profile-00.md = specs\draft-herman-cesr-svrn7-profile-00.md
		specs\draft-herman-did-method-governance-00.md = specs\draft-herman-did-method-governance-00.md
		specs\draft-herman-did-w3c-drn-00.md = specs\draft-herman-did-w3c-drn-00.md
		specs\draft-herman-didcomm-svrn7-transfer-00.md = specs\draft-herman-didcomm-svrn7-transfer-00.md
		specs\draft-herman-drn-resource-addressing-00.md = specs\draft-herman-drn-resource-addressing-00.md
		specs\draft-herman-parchment-programming-00.md = specs\draft-herman-parchment-programming-00.md
		specs\draft-herman-svrn7-ai-legibility-00.md = specs\draft-herman-svrn7-ai-legibility-00.md
		specs\draft-herman-svrn7-gdpr-erasure-00.md = specs\draft-herman-svrn7-gdpr-erasure-00.md
		specs\draft-herman-svrn7-monetary-protocol-00.md = specs\draft-herman-svrn7-monetary-protocol-00.md
		specs\draft-herman-svrn7-overdraft-protocol-00.md = specs\draft-herman-svrn7-overdraft-protocol-00.md
		specs\draft-herman-tda-lobe-registry-00.md = specs\draft-herman-tda-lobe-registry-00.md
		specs\draft-herman-vtc-proof-sets-01.md = specs\draft-herman-vtc-proof-sets-01.md
		specs\draft-herman-web7-epoch-governance-00.md = specs\draft-herman-web7-epoch-governance-00.md
		specs\draft-herman-web7-merkle-audit-log-00.md = specs\draft-herman-web7-merkle-audit-log-00.md
		specs\draft-herman-web7-society-architecture-00.md = specs\draft-herman-web7-society-architecture-00.md
	EndProjectSection
EndProject
Project("{2150E333-8FDC-42A3-9474-1A3956D46DE8}") = "lobes", "lobes", "{6F6F7B7C-D2E6-4026-BDF4-074780C14B33}"
	ProjectSection(SolutionItems) = preProject
		lobes\Agent1-Coordinator.ps1 = lobes\Agent1-Coordinator.ps1
		lobes\Agent2-Onboarding.ps1 = lobes\Agent2-Onboarding.ps1
		lobes\AgentN-Invoicing.ps1 = lobes\AgentN-Invoicing.ps1
		lobes\lobes.config.json = lobes\lobes.config.json
		lobes\Svrn7-Examples.ps1 = lobes\Svrn7-Examples.ps1
		lobes\Svrn7.Calendar.lobe.json = lobes\Svrn7.Calendar.lobe.json
		lobes\Svrn7.Calendar.psd1 = lobes\Svrn7.Calendar.psd1
		lobes\Svrn7.Calendar.psm1 = lobes\Svrn7.Calendar.psm1
		lobes\Svrn7.Common.lobe.json = lobes\Svrn7.Common.lobe.json
		lobes\Svrn7.Common.psd1 = lobes\Svrn7.Common.psd1
		lobes\Svrn7.Common.psm1 = lobes\Svrn7.Common.psm1
		lobes\Svrn7.Email.lobe.json = lobes\Svrn7.Email.lobe.json
		lobes\Svrn7.Email.psd1 = lobes\Svrn7.Email.psd1
		lobes\Svrn7.Email.psm1 = lobes\Svrn7.Email.psm1
		lobes\Svrn7.Federation.lobe.json = lobes\Svrn7.Federation.lobe.json
		lobes\Svrn7.Federation.psd1 = lobes\Svrn7.Federation.psd1
		lobes\Svrn7.Federation.psm1 = lobes\Svrn7.Federation.psm1
		lobes\Svrn7.Identity.lobe.json = lobes\Svrn7.Identity.lobe.json
		lobes\Svrn7.Identity.psd1 = lobes\Svrn7.Identity.psd1
		lobes\Svrn7.Identity.psm1 = lobes\Svrn7.Identity.psm1
		lobes\Svrn7.Invoicing.lobe.json = lobes\Svrn7.Invoicing.lobe.json
		lobes\Svrn7.Invoicing.psd1 = lobes\Svrn7.Invoicing.psd1
		lobes\Svrn7.Invoicing.psm1 = lobes\Svrn7.Invoicing.psm1
		lobes\Svrn7.Notifications.lobe.json = lobes\Svrn7.Notifications.lobe.json
		lobes\Svrn7.Notifications.psd1 = lobes\Svrn7.Notifications.psd1
		lobes\Svrn7.Notifications.psm1 = lobes\Svrn7.Notifications.psm1
		lobes\Svrn7.Onboarding.lobe.json = lobes\Svrn7.Onboarding.lobe.json
		lobes\Svrn7.Onboarding.psd1 = lobes\Svrn7.Onboarding.psd1
		lobes\Svrn7.Onboarding.psm1 = lobes\Svrn7.Onboarding.psm1
		lobes\Svrn7.Presence.lobe.json = lobes\Svrn7.Presence.lobe.json
		lobes\Svrn7.Presence.psd1 = lobes\Svrn7.Presence.psd1
		lobes\Svrn7.Presence.psm1 = lobes\Svrn7.Presence.psm1
		lobes\Svrn7.Society.lobe.json = lobes\Svrn7.Society.lobe.json
		lobes\Svrn7.Society.psd1 = lobes\Svrn7.Society.psd1
		lobes\Svrn7.Society.psm1 = lobes\Svrn7.Society.psm1
		lobes\Svrn7.UX.lobe.json = lobes\Svrn7.UX.lobe.json
		lobes\Svrn7.UX.psd1 = lobes\Svrn7.UX.psd1
		lobes\Svrn7.UX.psm1 = lobes\Svrn7.UX.psm1
	EndProjectSection
EndProject
Global
	GlobalSection(SolutionConfigurationPlatforms) = preSolution
		Debug|Any CPU = Debug|Any CPU
		Release|Any CPU = Release|Any CPU
	EndGlobalSection
	GlobalSection(ProjectConfigurationPlatforms) = postSolution
		{A1B2C3D4-0001-0000-0000-000000000001}.Debug|Any CPU.ActiveCfg = Debug|Any CPU
		{A1B2C3D4-0001-0000-0000-000000000001}.Debug|Any CPU.Build.0 = Debug|Any CPU
		{A1B2C3D4-0001-0000-0000-000000000001}.Release|Any CPU.ActiveCfg = Release|Any CPU
		{A1B2C3D4-0001-0000-0000-000000000001}.Release|Any CPU.Build.0 = Release|Any CPU
		{A1B2C3D4-0002-0000-0000-000000000002}.Debug|Any CPU.ActiveCfg = Debug|Any CPU
		{A1B2C3D4-0002-0000-0000-000000000002}.Debug|Any CPU.Build.0 = Debug|Any CPU
		{A1B2C3D4-0002-0000-0000-000000000002}.Release|Any CPU.ActiveCfg = Release|Any CPU
		{A1B2C3D4-0002-0000-0000-000000000002}.Release|Any CPU.Build.0 = Release|Any CPU
		{A1B2C3D4-0003-0000-0000-000000000003}.Debug|Any CPU.ActiveCfg = Debug|Any CPU
		{A1B2C3D4-0003-0000-0000-000000000003}.Debug|Any CPU.Build.0 = Debug|Any CPU
		{A1B2C3D4-0003-0000-0000-000000000003}.Release|Any CPU.ActiveCfg = Release|Any CPU
		{A1B2C3D4-0003-0000-0000-000000000003}.Release|Any CPU.Build.0 = Release|Any CPU
		{A1B2C3D4-0004-0000-0000-000000000004}.Debug|Any CPU.ActiveCfg = Debug|Any CPU
		{A1B2C3D4-0004-0000-0000-000000000004}.Debug|Any CPU.Build.0 = Debug|Any CPU
		{A1B2C3D4-0004-0000-0000-000000000004}.Release|Any CPU.ActiveCfg = Release|Any CPU
		{A1B2C3D4-0004-0000-0000-000000000004}.Release|Any CPU.Build.0 = Release|Any CPU
		{A1B2C3D4-0005-0000-0000-000000000005}.Debug|Any CPU.ActiveCfg = Debug|Any CPU
		{A1B2C3D4-0005-0000-0000-000000000005}.Debug|Any CPU.Build.0 = Debug|Any CPU
		{A1B2C3D4-0005-0000-0000-000000000005}.Release|Any CPU.ActiveCfg = Release|Any CPU
		{A1B2C3D4-0005-0000-0000-000000000005}.Release|Any CPU.Build.0 = Release|Any CPU
		{A1B2C3D4-0006-0000-0000-000000000006}.Debug|Any CPU.ActiveCfg = Debug|Any CPU
		{A1B2C3D4-0006-0000-0000-000000000006}.Debug|Any CPU.Build.0 = Debug|Any CPU
		{A1B2C3D4-0006-0000-0000-000000000006}.Release|Any CPU.ActiveCfg = Release|Any CPU
		{A1B2C3D4-0006-0000-0000-000000000006}.Release|Any CPU.Build.0 = Release|Any CPU
		{A1B2C3D4-0007-0000-0000-000000000007}.Debug|Any CPU.ActiveCfg = Debug|Any CPU
		{A1B2C3D4-0007-0000-0000-000000000007}.Debug|Any CPU.Build.0 = Debug|Any CPU
		{A1B2C3D4-0007-0000-0000-000000000007}.Release|Any CPU.ActiveCfg = Release|Any CPU
		{A1B2C3D4-0007-0000-0000-000000000007}.Release|Any CPU.Build.0 = Release|Any CPU
		{A1B2C3D4-0008-0000-0000-000000000008}.Debug|Any CPU.ActiveCfg = Debug|Any CPU
		{A1B2C3D4-0008-0000-0000-000000000008}.Debug|Any CPU.Build.0 = Debug|Any CPU
		{A1B2C3D4-0008-0000-0000-000000000008}.Release|Any CPU.ActiveCfg = Release|Any CPU
		{A1B2C3D4-0008-0000-0000-000000000008}.Release|Any CPU.Build.0 = Release|Any CPU
		{A1B2C3D4-0011-0000-0000-000000000011}.Debug|Any CPU.ActiveCfg = Debug|Any CPU
		{A1B2C3D4-0011-0000-0000-000000000011}.Debug|Any CPU.Build.0 = Debug|Any CPU
		{A1B2C3D4-0011-0000-0000-000000000011}.Release|Any CPU.ActiveCfg = Release|Any CPU
		{A1B2C3D4-0011-0000-0000-000000000011}.Release|Any CPU.Build.0 = Release|Any CPU
		{A1B2C3D4-0009-0000-0000-000000000009}.Debug|Any CPU.ActiveCfg = Debug|Any CPU
		{A1B2C3D4-0009-0000-0000-000000000009}.Debug|Any CPU.Build.0 = Debug|Any CPU
		{A1B2C3D4-0009-0000-0000-000000000009}.Release|Any CPU.ActiveCfg = Release|Any CPU
		{A1B2C3D4-0009-0000-0000-000000000009}.Release|Any CPU.Build.0 = Release|Any CPU
		{A1B2C3D4-0010-0000-0000-000000000010}.Debug|Any CPU.ActiveCfg = Debug|Any CPU
		{A1B2C3D4-0010-0000-0000-000000000010}.Debug|Any CPU.Build.0 = Debug|Any CPU
		{A1B2C3D4-0010-0000-0000-000000000010}.Release|Any CPU.ActiveCfg = Release|Any CPU
		{A1B2C3D4-0010-0000-0000-000000000010}.Release|Any CPU.Build.0 = Release|Any CPU
		{A1B2C3D4-0012-0000-0000-000000000012}.Debug|Any CPU.ActiveCfg = Debug|Any CPU
		{A1B2C3D4-0012-0000-0000-000000000012}.Debug|Any CPU.Build.0 = Debug|Any CPU
		{A1B2C3D4-0012-0000-0000-000000000012}.Release|Any CPU.ActiveCfg = Release|Any CPU
		{A1B2C3D4-0012-0000-0000-000000000012}.Release|Any CPU.Build.0 = Release|Any CPU
	EndGlobalSection
	GlobalSection(SolutionProperties) = preSolution
		HideSolutionNode = FALSE
	EndGlobalSection
	GlobalSection(NestedProjects) = preSolution
		{A1B2C3D4-0001-0000-0000-000000000001} = {B0000001-0000-0000-0000-000000000001}
		{A1B2C3D4-0002-0000-0000-000000000002} = {B0000001-0000-0000-0000-000000000001}
		{A1B2C3D4-0003-0000-0000-000000000003} = {B0000001-0000-0000-0000-000000000001}
		{A1B2C3D4-0004-0000-0000-000000000004} = {B0000001-0000-0000-0000-000000000001}
		{A1B2C3D4-0005-0000-0000-000000000005} = {B0000001-0000-0000-0000-000000000001}
		{A1B2C3D4-0006-0000-0000-000000000006} = {B0000001-0000-0000-0000-000000000001}
		{A1B2C3D4-0007-0000-0000-000000000007} = {B0000001-0000-0000-0000-000000000001}
		{A1B2C3D4-0008-0000-0000-000000000008} = {B0000001-0000-0000-0000-000000000001}
		{A1B2C3D4-0011-0000-0000-000000000011} = {B0000001-0000-0000-0000-000000000001}
		{A1B2C3D4-0009-0000-0000-000000000009} = {B0000002-0000-0000-0000-000000000002}
		{A1B2C3D4-0010-0000-0000-000000000010} = {B0000002-0000-0000-0000-000000000002}
		{A1B2C3D4-0012-0000-0000-000000000012} = {B0000002-0000-0000-0000-000000000002}
		{02EA681E-C7D8-13C7-8484-4AC65E1B71E8} = {8EC462FD-D22E-90A8-E5CE-7E832BA40C5D}
		{E1E91C0D-14E9-4144-942D-3F37BA5FFF56} = {8EC462FD-D22E-90A8-E5CE-7E832BA40C5D}
		{E5ED38FC-052B-4192-94C1-62D717A7888A} = {8EC462FD-D22E-90A8-E5CE-7E832BA40C5D}
		{6F6F7B7C-D2E6-4026-BDF4-074780C14B33} = {8EC462FD-D22E-90A8-E5CE-7E832BA40C5D}
	EndGlobalSection
	GlobalSection(ExtensibilityGlobals) = postSolution
		SolutionGuid = {31DB75C7-4B68-46A4-9874-7B98D73B8FEB}
	EndGlobalSection
EndGlobal
